
Microsoft Visual Studio Solution File, Format Version 12.00
# Visual Studio Version 17
VisualStudioVersion = 17.14.36511.14 d17.14
MinimumVisualStudioVersion = 10.0.40219.1
Project("{8BC9CEB8-8B4A-11D0-8D11-00A0C91BC942}") = "OOP_RangeSearchTemplate", "OOP_RangeSearchTemplate\OOP_RangeSearchTemplate.vcxproj", "{3FBB45E5-67CC-41FF-8C20-CCD473BA7F52}"
EndProject
Global
	GlobalSection(SolutionConfigurationPlatforms) = preSolution
		Debug|x64 = Debug|x64
		Debug|x86 = Debug|x86
		Release|x64 = Release|x64
		Release|x86 = Release|x86
	EndGlobalSection
	GlobalSection(ProjectConfigurationPlatforms) = postSolution
		{3FBB45E5-67CC-41FF-8C20-CCD473BA7F52}.Debug|x64.ActiveCfg = Debug|x64
		{3FBB45E5-67CC-41FF-8C20-CCD473BA7F52}.Debug|x64.Build.0 = Debug|x64
		{3FBB45E5-67CC-41FF-8C20-CCD473BA7F52}.Debug|x86.ActiveCfg = Debug|Win32
		{3FBB45E5-67CC-41FF-8C20-CCD473BA7F52}.Debug|x86.Build.0 = Debug|Win32
		{3FBB45E5-67CC-41FF-8C20-CCD473BA7F52}.Release|x64.ActiveCfg = Release|x64
		{3FBB45E5-67CC-41FF-8C20-CCD473BA7F52}.Release|x64.Build.0 = Release|x64
		{3FBB45E5-67CC-41FF-8C20-CCD473BA7F52}.Release|x86.ActiveCfg = Release|Win32
		{3FBB45E5-67CC-41FF-8C20-CCD473BA7F52}.Release|x86.Build.0 = Release|Win32
	EndGlobalSection
	GlobalSection(SolutionProperties) = preSolution
		HideSolutionNode = FALSE
	EndGlobalSection
	GlobalSection(ExtensibilityGlobals) = postSolution
		SolutionGuid = {05F11BD4-C71C-49F3-B8E2-820805E94289}
	EndGlobalSection
EndGlobal
